// !$*UTF8*$!
{
	archiveVersion = 1;
	classes = {
	};
	objectVersion = 55;
	objects = {

/* Begin PBXBuildFile section */
		0445C4D0285B14D500A8C00F /* AppDelegate.swift in Sources */ = {isa = PBXBuildFile; fileRef = 0445C4CF285B14D500A8C00F /* AppDelegate.swift */; };
		0445C4D2285B14D500A8C00F /* SceneDelegate.swift in Sources */ = {isa = PBXBuildFile; fileRef = 0445C4D1285B14D500A8C00F /* SceneDelegate.swift */; };
		0445C4D4285B14D500A8C00F /* ViewController.swift in Sources */ = {isa = PBXBuildFile; fileRef = 0445C4D3285B14D500A8C00F /* ViewController.swift */; };
		0445C4D7285B14D500A8C00F /* Main.storyboard in Resources */ = {isa = PBXBuildFile; fileRef = 0445C4D5285B14D500A8C00F /* Main.storyboard */; };
		0445C4D9285B14D600A8C00F /* Assets.xcassets in Resources */ = {isa = PBXBuildFile; fileRef = 0445C4D8285B14D600A8C00F /* Assets.xcassets */; };
		0445C4DC285B14D600A8C00F /* LaunchScreen.storyboard in Resources */ = {isa = PBXBuildFile; fileRef = 0445C4DA285B14D600A8C00F /* LaunchScreen.storyboard */; };
		0445C4E7285B14D600A8C00F /* FirstAppTests.swift in Sources */ = {isa = PBXBuildFile; fileRef = 0445C4E6285B14D600A8C00F /* FirstAppTests.swift */; };
		0445C4F1285B14D600A8C00F /* FirstAppUITests.swift in Sources */ = {isa = PBXBuildFile; fileRef = 0445C4F0285B14D600A8C00F /* FirstAppUITests.swift */; };
		0445C4F3285B14D600A8C00F /* FirstAppUITestsLaunchTests.swift in Sources */ = {isa = PBXBuildFile; fileRef = 0445C4F2285B14D600A8C00F /* FirstAppUITestsLaunchTests.swift */; };
		04791A43285B199300620E83 /* SecondViewController.swift in Sources */ = {isa = PBXBuildFile; fileRef = 04791A42285B199300620E83 /* SecondViewController.swift */; };
/* End PBXBuildFile section */

/* Begin PBXContainerItemProxy section */
		0445C4E3285B14D600A8C00F /* PBXContainerItemProxy */ = {
			isa = PBXContainerItemProxy;
			containerPortal = 0445C4C4285B14D400A8C00F /* Project object */;
			proxyType = 1;
			remoteGlobalIDString = 0445C4CB285B14D400A8C00F;
			remoteInfo = FirstApp;
		};
		0445C4ED285B14D600A8C00F /* PBXContainerItemProxy */ = {
			isa = PBXContainerItemProxy;
			containerPortal = 0445C4C4285B14D400A8C00F /* Project object */;
			proxyType = 1;
			remoteGlobalIDString = 0445C4CB285B14D400A8C00F;
			remoteInfo = FirstApp;
		};
/* End PBXContainerItemProxy section */

/* Begin PBXFileReference section */
		0445C4CC285B14D400A8C00F /* FirstApp.app */ = {isa = PBXFileReference; explicitFileType = wrapper.application; includeInIndex = 0; path = FirstApp.app; sourceTree = BUILT_PRODUCTS_DIR; };
		0445C4CF285B14D500A8C00F /* AppDelegate.swift */ = {isa = PBXFileReference; lastKnownFileType = sourcecode.swift; path = AppDelegate.swift; sourceTree = "<group>"; };
		0445C4D1285B14D500A8C00F /* SceneDelegate.swift */ = {isa = PBXFileReference; lastKnownFileType = sourcecode.swift; path = SceneDelegate.swift; sourceTree = "<group>"; };
		0445C4D3285B14D500A8C00F /* ViewController.swift */ = {isa = PBXFileReference; lastKnownFileType = sourcecode.swift; path = ViewController.swift; sourceTree = "<group>"; };
		0445C4D6285B14D500A8C00F /* Base */ = {isa = PBXFileReference; lastKnownFileType = file.storyboard; name = Base; path = Base.lproj/Main.storyboard; sourceTree = "<group>"; };
		0445C4D8285B14D600A8C00F /* Assets.xcassets */ = {isa = PBXFileReference; lastKnownFileType = folder.assetcatalog; path = Assets.xcassets; sourceTree = "<group>"; };
		0445C4DB285B14D600A8C00F /* Base */ = {isa = PBXFileReference; lastKnownFileType = file.storyboard; name = Base; path = Base.lproj/LaunchScreen.storyboard; sourceTree = "<group>"; };
		0445C4DD285B14D600A8C00F /* Info.plist */ = {isa = PBXFileReference; lastKnownFileType = text.plist.xml; path = Info.plist; sourceTree = "<group>"; };
		0445C4E2285B14D600A8C00F /* FirstAppTests.xctest */ = {isa = PBXFileReference; explicitFileType = wrapper.cfbundle; includeInIndex = 0; path = FirstAppTests.xctest; sourceTree = BUILT_PRODUCTS_DIR; };
		0445C4E6285B14D600A8C00F /* FirstAppTests.swift */ = {isa = PBXFileReference; lastKnownFileType = sourcecode.swift; path = FirstAppTests.swift; sourceTree = "<group>"; };
		0445C4EC285B14D600A8C00F /* FirstAppUITests.xctest */ = {isa = PBXFileReference; explicitFileType = wrapper.cfbundle; includeInIndex = 0; path = FirstAppUITests.xctest; sourceTree = BUILT_PRODUCTS_DIR; };
		0445C4F0285B14D600A8C00F /* FirstAppUITests.swift */ = {isa = PBXFileReference; lastKnownFileType = sourcecode.swift; path = FirstAppUITests.swift; sourceTree = "<group>"; };
		0445C4F2285B14D600A8C00F /* FirstAppUITestsLaunchTests.swift */ = {isa = PBXFileReference; lastKnownFileType = sourcecode.swift; path = FirstAppUITestsLaunchTests.swift; sourceTree = "<group>"; };
		04791A42285B199300620E83 /* SecondViewController.swift */ = {isa = PBXFileReference; lastKnownFileType = sourcecode.swift; path = SecondViewController.swift; sourceTree = "<group>"; };
/* End PBXFileReference section */

/* Begin PBXFrameworksBuildPhase section */
		0445C4C9285B14D400A8C00F /* Frameworks */ = {
			isa = PBXFrameworksBuildPhase;
			buildActionMask = 2147483647;
			files = (
			);
			runOnlyForDeploymentPostprocessing = 0;
		};
		0445C4DF285B14D600A8C00F /* Frameworks */ = {
			isa = PBXFrameworksBuildPhase;
			buildActionMask = 2147483647;
			files = (
			);
			runOnlyForDeploymentPostprocessing = 0;
		};
		0445C4E9285B14D600A8C00F /* Frameworks */ = {
			isa = PBXFrameworksBuildPhase;
			buildActionMask = 2147483647;
			files = (
			);
			runOnlyForDeploymentPostprocessing = 0;
		};
/* End PBXFrameworksBuildPhase section */

/* Begin PBXGroup section */
		0445C4C3285B14D400A8C00F = {
			isa = PBXGroup;
			children = (
				0445C4CE285B14D400A8C00F /* FirstApp */,
				0445C4E5285B14D600A8C00F /* FirstAppTests */,
				0445C4EF285B14D600A8C00F /* FirstAppUITests */,
				0445C4CD285B14D400A8C00F /* Products */,
			);
			sourceTree = "<group>";
		};
		0445C4CD285B14D400A8C00F /* Products */ = {
			isa = PBXGroup;
			children = (
				0445C4CC285B14D400A8C00F /* FirstApp.app */,
				0445C4E2285B14D600A8C00F /* FirstAppTests.xctest */,
				0445C4EC285B14D600A8C00F /* FirstAppUITests.xctest */,
			);
			name = Products;
			sourceTree = "<group>";
		};
		0445C4CE285B14D400A8C00F /* FirstApp */ = {
			isa = PBXGroup;
			children = (
				0445C4CF285B14D500A8C00F /* AppDelegate.swift */,
				0445C4D1285B14D500A8C00F /* SceneDelegate.swift */,
				0445C4D3285B14D500A8C00F /* ViewController.swift */,
				04791A42285B199300620E83 /* SecondViewController.swift */,
				0445C4D5285B14D500A8C00F /* Main.storyboard */,
				0445C4D8285B14D600A8C00F /* Assets.xcassets */,
				0445C4DA285B14D600A8C00F /* LaunchScreen.storyboard */,
				0445C4DD285B14D600A8C00F /* Info.plist */,
			);
			path = FirstApp;
			sourceTree = "<group>";
		};
		0445C4E5285B14D600A8C00F /* FirstAppTests */ = {
			isa = PBXGroup;
			children = (
				0445C4E6285B14D600A8C00F /* FirstAppTests.swift */,
			);
			path = FirstAppTests;
			sourceTree = "<group>";
		};
		0445C4EF285B14D600A8C00F /* FirstAppUITests */ = {
			isa = PBXGroup;
			children = (
				0445C4F0285B14D600A8C00F /* FirstAppUITests.swift */,
				0445C4F2285B14D600A8C00F /* FirstAppUITestsLaunchTests.swift */,
			);
			path = FirstAppUITests;
			sourceTree = "<group>";
		};
/* End PBXGroup section */

/* Begin PBXNativeTarget section */
		0445C4CB285B14D400A8C00F /* FirstApp */ = {
			isa = PBXNativeTarget;
			buildConfigurationList = 0445C4F6285B14D600A8C00F /* Build configuration list for PBXNativeTarget "FirstApp" */;
			buildPhases = (
				0445C4C8285B14D400A8C00F /* Sources */,
				0445C4C9285B14D400A8C00F /* Frameworks */,
				0445C4CA285B14D400A8C00F /* Resources */,
			);
			buildRules = (
			);
			dependencies = (
			);
			name = FirstApp;
			productName = FirstApp;
			productReference = 0445C4CC285B14D400A8C00F /* FirstApp.app */;
			productType = "com.apple.product-type.application";
		};
		0445C4E1285B14D600A8C00F /* FirstAppTests */ = {
			isa = PBXNativeTarget;
			buildConfigurationList = 0445C4F9285B14D600A8C00F /* Build configuration list for PBXNativeTarget "FirstAppTests" */;
			buildPhases = (
				0445C4DE285B14D600A8C00F /* Sources */,
				0445C4DF285B14D600A8C00F /* Frameworks */,
				0445C4E0285B14D600A8C00F /* Resources */,
			);
			buildRules = (
			);
			dependencies = (
				0445C4E4285B14D600A8C00F /* PBXTargetDependency */,
			);
			name = FirstAppTests;
			productName = FirstAppTests;
			productReference = 0445C4E2285B14D600A8C00F /* FirstAppTests.xctest */;
			productType = "com.apple.product-type.bundle.unit-test";
		};
		0445C4EB285B14D600A8C00F /* FirstAppUITests */ = {
			isa = PBXNativeTarget;
			buildConfigurationList = 0445C4FC285B14D600A8C00F /* Build configuration list for PBXNativeTarget "FirstAppUITests" */;
			buildPhases = (
				0445C4E8285B14D600A8C00F /* Sources */,
				0445C4E9285B14D600A8C00F /* Frameworks */,
				0445C4EA285B14D600A8C00F /* Resources */,
			);
			buildRules = (
			);
			dependencies = (
				0445C4EE285B14D600A8C00F /* PBXTargetDependency */,
			);
			name = FirstAppUITests;
			productName = FirstAppUITests;
			productReference = 0445C4EC285B14D600A8C00F /* FirstAppUITests.xctest */;
			productType = "com.apple.product-type.bundle.ui-testing";
		};
/* End PBXNativeTarget section */

/* Begin PBXProject section */
		0445C4C4285B14D400A8C00F /* Project object */ = {
			isa = PBXProject;
			attributes = {
				BuildIndependentTargetsInParallel = 1;
				LastSwiftUpdateCheck = 1340;
				LastUpgradeCheck = 1340;
				TargetAttributes = {
					0445C4CB285B14D400A8C00F = {
						CreatedOnToolsVersion = 13.4.1;
					};
					0445C4E1285B14D600A8C00F = {
						CreatedOnToolsVersion = 13.4.1;
						TestTargetID = 0445C4CB285B14D400A8C00F;
					};
					0445C4EB285B14D600A8C00F = {
						CreatedOnToolsVersion = 13.4.1;
						TestTargetID = 0445C4CB285B14D400A8C00F;
					};
				};
			};
			buildConfigurationList = 0445C4C7285B14D400A8C00F /* Build configuration list for PBXProject "FirstApp" */;
			compatibilityVersion = "Xcode 13.0";
			developmentRegion = en;
			hasScannedForEncodings = 0;
			knownRegions = (
				en,
				Base,
			);
			mainGroup = 0445C4C3285B14D400A8C00F;
			productRefGroup = 0445C4CD285B14D400A8C00F /* Products */;
			projectDirPath = "";
			projectRoot = "";
			targets = (
				0445C4CB285B14D400A8C00F /* FirstApp */,
				0445C4E1285B14D600A8C00F /* FirstAppTests */,
				0445C4EB285B14D600A8C00F /* FirstAppUITests */,
			);
		};
/* End PBXProject section */

/* Begin PBXResourcesBuildPhase section */
		0445C4CA285B14D400A8C00F /* Resources */ = {
			isa = PBXResourcesBuildPhase;
			buildActionMask = 2147483647;
			files = (
				0445C4DC285B14D600A8C00F /* LaunchScreen.storyboard in Resources */,
				0445C4D9285B14D600A8C00F /* Assets.xcassets in Resources */,
				0445C4D7285B14D500A8C00F /* Main.storyboard in Resources */,
			);
			runOnlyForDeploymentPostprocessing = 0;
		};
		0445C4E0285B14D600A8C00F /* Resources */ = {
			isa = PBXResourcesBuildPhase;
			buildActionMask = 2147483647;
			files = (
			);
			runOnlyForDeploymentPostprocessing = 0;
		};
		0445C4EA285B14D600A8C00F /* Resources */ = {
			isa = PBXResourcesBuildPhase;
			buildActionMask = 2147483647;
			files = (
			);
			runOnlyForDeploymentPostprocessing = 0;
		};
/* End PBXResourcesBuildPhase section */

/* Begin PBXSourcesBuildPhase section */
		0445C4C8285B14D400A8C00F /* Sources */ = {
			isa = PBXSourcesBuildPhase;
			buildActionMask = 2147483647;
			files = (
				04791A43285B199300620E83 /* SecondViewController.swift in Sources */,
				0445C4D4285B14D500A8C00F /* ViewController.swift in Sources */,
				0445C4D0285B14D500A8C00F /* AppDelegate.swift in Sources */,
				0445C4D2285B14D500A8C00F /* SceneDelegate.swift in Sources */,
			);
			runOnlyForDeploymentPostprocessing = 0;
		};
		0445C4DE285B14D600A8C00F /* Sources */ = {
			isa = PBXSourcesBuildPhase;
			buildActionMask = 2147483647;
			files = (
				0445C4E7285B14D600A8C00F /* FirstAppTests.swift in Sources */,
			);
			runOnlyForDeploymentPostprocessing = 0;
		};
		0445C4E8285B14D600A8C00F /* Sources */ = {
			isa = PBXSourcesBuildPhase;
			buildActionMask = 2147483647;
			files = (
				0445C4F3285B14D600A8C00F /* FirstAppUITestsLaunchTests.swift in Sources */,
				0445C4F1285B14D600A8C00F /* FirstAppUITests.swift in Sources */,
			);
			runOnlyForDeploymentPostprocessing = 0;
		};
/* End PBXSourcesBuildPhase section */

/* Begin PBXTargetDependency section */
		0445C4E4285B14D600A8C00F /* PBXTargetDependency */ = {
			isa = PBXTargetDependency;
			target = 0445C4CB285B14D400A8C00F /* FirstApp */;
			targetProxy = 0445C4E3285B14D600A8C00F /* PBXContainerItemProxy */;
		};
		0445C4EE285B14D600A8C00F /* PBXTargetDependency */ = {
			isa = PBXTargetDependency;
			target = 0445C4CB285B14D400A8C00F /* FirstApp */;
			targetProxy = 0445C4ED285B14D600A8C00F /* PBXContainerItemProxy */;
		};
/* End PBXTargetDependency section */

/* Begin PBXVariantGroup section */
		0445C4D5285B14D500A8C00F /* Main.storyboard */ = {
			isa = PBXVariantGroup;
			children = (
				0445C4D6285B14D500A8C00F /* Base */,
			);
			name = Main.storyboard;
			sourceTree = "<group>";
		};
		0445C4DA285B14D600A8C00F /* LaunchScreen.storyboard */ = {
			isa = PBXVariantGroup;
			children = (
				0445C4DB285B14D600A8C00F /* Base */,
			);
			name = LaunchScreen.storyboard;
			sourceTree = "<group>";
		};
/* End PBXVariantGroup section */

/* Begin XCBuildConfiguration section */
		0445C4F4285B14D600A8C00F /* Debug */ = {
			isa = XCBuildConfiguration;
			buildSettings = {
				ALWAYS_SEARCH_USER_PATHS = NO;
				CLANG_ANALYZER_NONNULL = YES;
				CLANG_ANALYZER_NUMBER_OBJECT_CONVERSION = YES_AGGRESSIVE;
				CLANG_CXX_LANGUAGE_STANDARD = "gnu++17";
				CLANG_ENABLE_MODULES = YES;
				CLANG_ENABLE_OBJC_ARC = YES;
				CLANG_ENABLE_OBJC_WEAK = YES;
				CLANG_WARN_BLOCK_CAPTURE_AUTORELEASING = YES;
				CLANG_WARN_BOOL_CONVERSION = YES;
				CLANG_WARN_COMMA = YES;
				CLANG_WARN_CONSTANT_CONVERSION = YES;
				CLANG_WARN_DEPRECATED_OBJC_IMPLEMENTATIONS = YES;
				CLANG_WARN_DIRECT_OBJC_ISA_USAGE = YES_ERROR;
				CLANG_WARN_DOCUMENTATION_COMMENTS = YES;
				CLANG_WARN_EMPTY_BODY = YES;
				CLANG_WARN_ENUM_CONVERSION = YES;
				CLANG_WARN_INFINITE_RECURSION = YES;
				CLANG_WARN_INT_CONVERSION = YES;
				CLANG_WARN_NON_LITERAL_NULL_CONVERSION = YES;
				CLANG_WARN_OBJC_IMPLICIT_RETAIN_SELF = YES;
				CLANG_WARN_OBJC_LITERAL_CONVERSION = YES;
				CLANG_WARN_OBJC_ROOT_CLASS = YES_ERROR;
				CLANG_WARN_QUOTED_INCLUDE_IN_FRAMEWORK_HEADER = YES;
				CLANG_WARN_RANGE_LOOP_ANALYSIS = YES;
				CLANG_WARN_STRICT_PROTOTYPES = YES;
				CLANG_WARN_SUSPICIOUS_MOVE = YES;
				CLANG_WARN_UNGUARDED_AVAILABILITY = YES_AGGRESSIVE;
				CLANG_WARN_UNREACHABLE_CODE = YES;
				CLANG_WARN__DUPLICATE_METHOD_MATCH = YES;
				COPY_PHASE_STRIP = NO;
				DEBUG_INFORMATION_FORMAT = dwarf;
				ENABLE_STRICT_OBJC_MSGSEND = YES;
				ENABLE_TESTABILITY = YES;
				GCC_C_LANGUAGE_STANDARD = gnu11;
				GCC_DYNAMIC_NO_PIC = NO;
				GCC_NO_COMMON_BLOCKS = YES;
				GCC_OPTIMIZATION_LEVEL = 0;
				GCC_PREPROCESSOR_DEFINITIONS = (
					"DEBUG=1",
					"$(inherited)",
				);
				GCC_WARN_64_TO_32_BIT_CONVERSION = YES;
				GCC_WARN_ABOUT_RETURN_TYPE = YES_ERROR;
				GCC_WARN_UNDECLARED_SELECTOR = YES;
				GCC_WARN_UNINITIALIZED_AUTOS = YES_AGGRESSIVE;
				GCC_WARN_UNUSED_FUNCTION = YES;
				GCC_WARN_UNUSED_VARIABLE = YES;
				IPHONEOS_DEPLOYMENT_TARGET = 15.5;
				MTL_ENABLE_DEBUG_INFO = INCLUDE_SOURCE;
				MTL_FAST_MATH = YES;
				ONLY_ACTIVE_ARCH = YES;
				SDKROOT = iphoneos;
				SWIFT_ACTIVE_COMPILATION_CONDITIONS = DEBUG;
				SWIFT_OPTIMIZATION_LEVEL = "-Onone";
			};
			name = Debug;
		};
		0445C4F5285B14D600A8C00F /* Release */ = {
			isa = XCBuildConfiguration;
			buildSettings = {
				ALWAYS_SEARCH_USER_PATHS = NO;
				CLANG_ANALYZER_NONNULL = YES;
				CLANG_ANALYZER_NUMBER_OBJECT_CONVERSION = YES_AGGRESSIVE;
				CLANG_CXX_LANGUAGE_STANDARD = "gnu++17";
				CLANG_ENABLE_MODULES = YES;
				CLANG_ENABLE_OBJC_ARC = YES;
				CLANG_ENABLE_OBJC_WEAK = YES;
				CLANG_WARN_BLOCK_CAPTURE_AUTORELEASING = YES;
				CLANG_WARN_BOOL_CONVERSION = YES;
				CLANG_WARN_COMMA = YES;
				CLANG_WARN_CONSTANT_CONVERSION = YES;
				CLANG_WARN_DEPRECATED_OBJC_IMPLEMENTATIONS = YES;
				CLANG_WARN_DIRECT_OBJC_ISA_USAGE = YES_ERROR;
				CLANG_WARN_DOCUMENTATION_COMMENTS = YES;
				CLANG_WARN_EMPTY_BODY = YES;
				CLANG_WARN_ENUM_CONVERSION = YES;
				CLANG_WARN_INFINITE_RECURSION = YES;
				CLANG_WARN_INT_CONVERSION = YES;
				CLANG_WARN_NON_LITERAL_NULL_CONVERSION = YES;
				CLANG_WARN_OBJC_IMPLICIT_RETAIN_SELF = YES;
				CLANG_WARN_OBJC_LITERAL_CONVERSION = YES;
				CLANG_WARN_OBJC_ROOT_CLASS = YES_ERROR;
				CLANG_WARN_QUOTED_INCLUDE_IN_FRAMEWORK_HEADER = YES;
				CLANG_WARN_RANGE_LOOP_ANALYSIS = YES;
				CLANG_WARN_STRICT_PROTOTYPES = YES;
				CLANG_WARN_SUSPICIOUS_MOVE = YES;
				CLANG_WARN_UNGUARDED_AVAILABILITY = YES_AGGRESSIVE;
				CLANG_WARN_UNREACHABLE_CODE = YES;
				CLANG_WARN__DUPLICATE_METHOD_MATCH = YES;
				COPY_PHASE_STRIP = NO;
				DEBUG_INFORMATION_FORMAT = "dwarf-with-dsym";
				ENABLE_NS_ASSERTIONS = NO;
				ENABLE_STRICT_OBJC_MSGSEND = YES;
				GCC_C_LANGUAGE_STANDARD = gnu11;
				GCC_NO_COMMON_BLOCKS = YES;
				GCC_WARN_64_TO_32_BIT_CONVERSION = YES;
				GCC_WARN_ABOUT_RETURN_TYPE = YES_ERROR;
				GCC_WARN_UNDECLARED_SELECTOR = YES;
				GCC_WARN_UNINITIALIZED_AUTOS = YES_AGGRESSIVE;
				GCC_WARN_UNUSED_FUNCTION = YES;
				GCC_WARN_UNUSED_VARIABLE = YES;
				IPHONEOS_DEPLOYMENT_TARGET = 15.5;
				MTL_ENABLE_DEBUG_INFO = NO;
				MTL_FAST_MATH = YES;
				SDKROOT = iphoneos;
				SWIFT_COMPILATION_MODE = wholemodule;
				SWIFT_OPTIMIZATION_LEVEL = "-O";
				VALIDATE_PRODUCT = YES;
			};
			name = Release;
		};
		0445C4F7285B14D600A8C00F /* Debug */ = {
			isa = XCBuildConfiguration;
			buildSettings = {
				ASSETCATALOG_COMPILER_APPICON_NAME = AppIcon;
				ASSETCATALOG_COMPILER_GLOBAL_ACCENT_COLOR_NAME = AccentColor;
				CODE_SIGN_STYLE = Automatic;
				CURRENT_PROJECT_VERSION = 1;
				DEVELOPMENT_TEAM = GA6Y2A6BRT;
				GENERATE_INFOPLIST_FILE = YES;
				INFOPLIST_FILE = FirstApp/Info.plist;
				INFOPLIST_KEY_UIApplicationSupportsIndirectInputEvents = YES;
				INFOPLIST_KEY_UILaunchStoryboardName = LaunchScreen;
				INFOPLIST_KEY_UIMainStoryboardFile = Main;
				INFOPLIST_KEY_UISupportedInterfaceOrientations_iPad = "UIInterfaceOrientationPortrait UIInterfaceOrientationPortraitUpsideDown UIInterfaceOrientationLandscapeLeft UIInterfaceOrientationLandscapeRight";
				INFOPLIST_KEY_UISupportedInterfaceOrientations_iPhone = "UIInterfaceOrientationPortrait UIInterfaceOrientationLandscapeLeft UIInterfaceOrientationLandscapeRight";
				LD_RUNPATH_SEARCH_PATHS = (
					"$(inherited)",
					"@executable_path/Frameworks",
				);
				MARKETING_VERSION = 1.0;
				PRODUCT_BUNDLE_IDENTIFIER = Vaibhav.FirstApp;
				PRODUCT_NAME = "$(TARGET_NAME)";
				SWIFT_EMIT_LOC_STRINGS = YES;
				SWIFT_VERSION = 5.0;
				TARGETED_DEVICE_FAMILY = "1,2";
			};
			name = Debug;
		};
		0445C4F8285B14D600A8C00F /* Release */ = {
			isa = XCBuildConfiguration;
			buildSettings = {
				ASSETCATALOG_COMPILER_APPICON_NAME = AppIcon;
				ASSETCATALOG_COMPILER_GLOBAL_ACCENT_COLOR_NAME = AccentColor;
				CODE_SIGN_STYLE = Automatic;
				CURRENT_PROJECT_VERSION = 1;
				DEVELOPMENT_TEAM = GA6Y2A6BRT;
				GENERATE_INFOPLIST_FILE = YES;
				INFOPLIST_FILE = FirstApp/Info.plist;
				INFOPLIST_KEY_UIApplicationSupportsIndirectInputEvents = YES;
				INFOPLIST_KEY_UILaunchStoryboardName = LaunchScreen;
				INFOPLIST_KEY_UIMainStoryboardFile = Main;
				INFOPLIST_KEY_UISupportedInterfaceOrientations_iPad = "UIInterfaceOrientationPortrait UIInterfaceOrientationPortraitUpsideDown UIInterfaceOrientationLandscapeLeft UIInterfaceOrientationLandscapeRight";
				INFOPLIST_KEY_UISupportedInterfaceOrientations_iPhone = "UIInterfaceOrientationPortrait UIInterfaceOrientationLandscapeLeft UIInterfaceOrientationLandscapeRight";
				LD_RUNPATH_SEARCH_PATHS = (
					"$(inherited)",
					"@executable_path/Frameworks",
				);
				MARKETING_VERSION = 1.0;
				PRODUCT_BUNDLE_IDENTIFIER = Vaibhav.FirstApp;
				PRODUCT_NAME = "$(TARGET_NAME)";
				SWIFT_EMIT_LOC_STRINGS = YES;
				SWIFT_VERSION = 5.0;
				TARGETED_DEVICE_FAMILY = "1,2";
			};
			name = Release;
		};
		0445C4FA285B14D600A8C00F /* Debug */ = {
			isa = XCBuildConfiguration;
			buildSettings = {
				ALWAYS_EMBED_SWIFT_STANDARD_LIBRARIES = YES;
				BUNDLE_LOADER = "$(TEST_HOST)";
				CODE_SIGN_STYLE = Automatic;
				CURRENT_PROJECT_VERSION = 1;
				DEVELOPMENT_TEAM = GA6Y2A6BRT;
				GENERATE_INFOPLIST_FILE = YES;
				IPHONEOS_DEPLOYMENT_TARGET = 15.5;
				MARKETING_VERSION = 1.0;
				PRODUCT_BUNDLE_IDENTIFIER = Vaibhav.FirstAppTests;
				PRODUCT_NAME = "$(TARGET_NAME)";
				SWIFT_EMIT_LOC_STRINGS = NO;
				SWIFT_VERSION = 5.0;
				TARGETED_DEVICE_FAMILY = "1,2";
				TEST_HOST = "$(BUILT_PRODUCTS_DIR)/FirstApp.app/FirstApp";
			};
			name = Debug;
		};
		0445C4FB285B14D600A8C00F /* Release */ = {
			isa = XCBuildConfiguration;
			buildSettings = {
				ALWAYS_EMBED_SWIFT_STANDARD_LIBRARIES = YES;
				BUNDLE_LOADER = "$(TEST_HOST)";
				CODE_SIGN_STYLE = Automatic;
				CURRENT_PROJECT_VERSION = 1;
				DEVELOPMENT_TEAM = GA6Y2A6BRT;
				GENERATE_INFOPLIST_FILE = YES;
				IPHONEOS_DEPLOYMENT_TARGET = 15.5;
				MARKETING_VERSION = 1.0;
				PRODUCT_BUNDLE_IDENTIFIER = Vaibhav.FirstAppTests;
				PRODUCT_NAME = "$(TARGET_NAME)";
				SWIFT_EMIT_LOC_STRINGS = NO;
				SWIFT_VERSION = 5.0;
				TARGETED_DEVICE_FAMILY = "1,2";
				TEST_HOST = "$(BUILT_PRODUCTS_DIR)/FirstApp.app/FirstApp";
			};
			name = Release;
		};
		0445C4FD285B14D600A8C00F /* Debug */ = {
			isa = XCBuildConfiguration;
			buildSettings = {
				ALWAYS_EMBED_SWIFT_STANDARD_LIBRARIES = YES;
				CODE_SIGN_STYLE = Automatic;
				CURRENT_PROJECT_VERSION = 1;
				DEVELOPMENT_TEAM = GA6Y2A6BRT;
				GENERATE_INFOPLIST_FILE = YES;
				MARKETING_VERSION = 1.0;
				PRODUCT_BUNDLE_IDENTIFIER = Vaibhav.FirstAppUITests;
				PRODUCT_NAME = "$(TARGET_NAME)";
				SWIFT_EMIT_LOC_STRINGS = NO;
				SWIFT_VERSION = 5.0;
				TARGETED_DEVICE_FAMILY = "1,2";
				TEST_TARGET_NAME = FirstApp;
			};
			name = Debug;
		};
		0445C4FE285B14D600A8C00F /* Release */ = {
			isa = XCBuildConfiguration;
			buildSettings = {
				ALWAYS_EMBED_SWIFT_STANDARD_LIBRARIES = YES;
				CODE_SIGN_STYLE = Automatic;
				CURRENT_PROJECT_VERSION = 1;
				DEVELOPMENT_TEAM = GA6Y2A6BRT;
				GENERATE_INFOPLIST_FILE = YES;
				MARKETING_VERSION = 1.0;
				PRODUCT_BUNDLE_IDENTIFIER = Vaibhav.FirstAppUITests;
				PRODUCT_NAME = "$(TARGET_NAME)";
				SWIFT_EMIT_LOC_STRINGS = NO;
				SWIFT_VERSION = 5.0;
				TARGETED_DEVICE_FAMILY = "1,2";
				TEST_TARGET_NAME = FirstApp;
			};
			name = Release;
		};
/* End XCBuildConfiguration section */

/* Begin XCConfigurationList section */
		0445C4C7285B14D400A8C00F /* Build configuration list for PBXProject "FirstApp" */ = {
			isa = XCConfigurationList;
			buildConfigurations = (
				0445C4F4285B14D600A8C00F /* Debug */,
				0445C4F5285B14D600A8C00F /* Release */,
			);
			defaultConfigurationIsVisible = 0;
			defaultConfigurationName = Release;
		};
		0445C4F6285B14D600A8C00F /* Build configuration list for PBXNativeTarget "FirstApp" */ = {
			isa = XCConfigurationList;
			buildConfigurations = (
				0445C4F7285B14D600A8C00F /* Debug */,
				0445C4F8285B14D600A8C00F /* Release */,
			);
			defaultConfigurationIsVisible = 0;
			defaultConfigurationName = Release;
		};
		0445C4F9285B14D600A8C00F /* Build configuration list for PBXNativeTarget "FirstAppTests" */ = {
			isa = XCConfigurationList;
			buildConfigurations = (
				0445C4FA285B14D600A8C00F /* Debug */,
				0445C4FB285B14D600A8C00F /* Release */,
			);
			defaultConfigurationIsVisible = 0;
			defaultConfigurationName = Release;
		};
		0445C4FC285B14D600A8C00F /* Build configuration list for PBXNativeTarget "FirstAppUITests" */ = {
			isa = XCConfigurationList;
			buildConfigurations = (
				0445C4FD285B14D600A8C00F /* Debug */,
				0445C4FE285B14D600A8C00F /* Release */,
			);
			defaultConfigurationIsVisible = 0;
			defaultConfigurationName = Release;
		};
/* End XCConfigurationList section */
	};
	rootObject = 0445C4C4285B14D400A8C00F /* Project object */;
}
